
Microsoft Visual Studio Solution File, Format Version 12.00
# Visual Studio 15
VisualStudioVersion = 15.0.27703.2026
MinimumVisualStudioVersion = 10.0.40219.1
Project("{8BC9CEB8-8B4A-11D0-8D11-00A0C91BC942}") = "TestDlls", "TestDlls\TestDlls.vcxproj", "{4F37117D-BF00-43C6-B147-5C6873309DF5}"
	ProjectSection(ProjectDependencies) = postProject
		{470482FD-3F63-4F81-8986-871D9EDBA0B1} = {470482FD-3F63-4F81-8986-871D9EDBA0B1}
	EndProjectSection
EndProject
Project("{8BC9CEB8-8B4A-11D0-8D11-00A0C91BC942}") = "BuildDlls", "BuildDlls\BuildDlls.vcxproj", "{470482FD-3F63-4F81-8986-871D9EDBA0B1}"
EndProject
Global
	GlobalSection(SolutionConfigurationPlatforms) = preSolution
		Debug|x64 = Debug|x64
		Debug|x86 = Debug|x86
		Release|x64 = Release|x64
		Release|x86 = Release|x86
	EndGlobalSection
	GlobalSection(ProjectConfigurationPlatforms) = postSolution
		{4F37117D-BF00-43C6-B147-5C6873309DF5}.Debug|x64.ActiveCfg = Debug|x64
		{4F37117D-BF00-43C6-B147-5C6873309DF5}.Debug|x64.Build.0 = Debug|x64
		{4F37117D-BF00-43C6-B147-5C6873309DF5}.Debug|x86.ActiveCfg = Debug|Win32
		{4F37117D-BF00-43C6-B147-5C6873309DF5}.Debug|x86.Build.0 = Debug|Win32
		{4F37117D-BF00-43C6-B147-5C6873309DF5}.Release|x64.ActiveCfg = Release|x64
		{4F37117D-BF00-43C6-B147-5C6873309DF5}.Release|x64.Build.0 = Release|x64
		{4F37117D-BF00-43C6-B147-5C6873309DF5}.Release|x86.ActiveCfg = Release|Win32
		{4F37117D-BF00-43C6-B147-5C6873309DF5}.Release|x86.Build.0 = Release|Win32
		{470482FD-3F63-4F81-8986-871D9EDBA0B1}.Debug|x64.ActiveCfg = Debug|x64
		{470482FD-3F63-4F81-8986-871D9EDBA0B1}.Debug|x64.Build.0 = Debug|x64
		{470482FD-3F63-4F81-8986-871D9EDBA0B1}.Debug|x86.ActiveCfg = Debug|Win32
		{470482FD-3F63-4F81-8986-871D9EDBA0B1}.Debug|x86.Build.0 = Debug|Win32
		{470482FD-3F63-4F81-8986-871D9EDBA0B1}.Release|x64.ActiveCfg = Release|x64
		{470482FD-3F63-4F81-8986-871D9EDBA0B1}.Release|x64.Build.0 = Release|x64
		{470482FD-3F63-4F81-8986-871D9EDBA0B1}.Release|x86.ActiveCfg = Release|Win32
		{470482FD-3F63-4F81-8986-871D9EDBA0B1}.Release|x86.Build.0 = Release|Win32
	EndGlobalSection
	GlobalSection(SolutionProperties) = preSolution
		HideSolutionNode = FALSE
	EndGlobalSection
	GlobalSection(ExtensibilityGlobals) = postSolution
		SolutionGuid = {83A9E728-405F-4141-8D94-B8618E07A764}
	EndGlobalSection
EndGlobal
